// !$*UTF8*$!
{
	archiveVersion = 1;
	classes = {
	};
	objectVersion = 50;
	objects = {

/* Begin PBXBuildFile section */
		63101B1E25532CBE002CCEE0 /* ItemCell.swift in Sources */ = {isa = PBXBuildFile; fileRef = 63101B1D25532CBE002CCEE0 /* ItemCell.swift */; };
		63232D752549C1B9007C5368 /* AppDelegate.swift in Sources */ = {isa = PBXBuildFile; fileRef = 63232D742549C1B9007C5368 /* AppDelegate.swift */; };
		63232D772549C1B9007C5368 /* SceneDelegate.swift in Sources */ = {isa = PBXBuildFile; fileRef = 63232D762549C1B9007C5368 /* SceneDelegate.swift */; };
		63232D792549C1B9007C5368 /* ViewController.swift in Sources */ = {isa = PBXBuildFile; fileRef = 63232D782549C1B9007C5368 /* ViewController.swift */; };
		63232D7C2549C1B9007C5368 /* Main.storyboard in Resources */ = {isa = PBXBuildFile; fileRef = 63232D7A2549C1B9007C5368 /* Main.storyboard */; };
		63232D7F2549C1B9007C5368 /* GymLogger.xcdatamodeld in Sources */ = {isa = PBXBuildFile; fileRef = 63232D7D2549C1B9007C5368 /* GymLogger.xcdatamodeld */; };
		63232D812549C1BF007C5368 /* Assets.xcassets in Resources */ = {isa = PBXBuildFile; fileRef = 63232D802549C1BF007C5368 /* Assets.xcassets */; };
		63232D842549C1BF007C5368 /* LaunchScreen.storyboard in Resources */ = {isa = PBXBuildFile; fileRef = 63232D822549C1BF007C5368 /* LaunchScreen.storyboard */; };
		63232D8D2549C24A007C5368 /* ItemsViewController.swift in Sources */ = {isa = PBXBuildFile; fileRef = 63232D8C2549C24A007C5368 /* ItemsViewController.swift */; };
		63232D902549C356007C5368 /* Item.swift in Sources */ = {isa = PBXBuildFile; fileRef = 63232D8F2549C356007C5368 /* Item.swift */; };
		63232D932549C42B007C5368 /* ItemStore.swift in Sources */ = {isa = PBXBuildFile; fileRef = 63232D922549C42B007C5368 /* ItemStore.swift */; };
		63D07DD2255D406A00D2A786 /* DetailViewController.swift in Sources */ = {isa = PBXBuildFile; fileRef = 63D07DD1255D406A00D2A786 /* DetailViewController.swift */; };
/* End PBXBuildFile section */

/* Begin PBXFileReference section */
		63101B1D25532CBE002CCEE0 /* ItemCell.swift */ = {isa = PBXFileReference; lastKnownFileType = sourcecode.swift; path = ItemCell.swift; sourceTree = "<group>"; };
		63232D712549C1B9007C5368 /* GymLogger.app */ = {isa = PBXFileReference; explicitFileType = wrapper.application; includeInIndex = 0; path = GymLogger.app; sourceTree = BUILT_PRODUCTS_DIR; };
		63232D742549C1B9007C5368 /* AppDelegate.swift */ = {isa = PBXFileReference; lastKnownFileType = sourcecode.swift; path = AppDelegate.swift; sourceTree = "<group>"; };
		63232D762549C1B9007C5368 /* SceneDelegate.swift */ = {isa = PBXFileReference; lastKnownFileType = sourcecode.swift; path = SceneDelegate.swift; sourceTree = "<group>"; };
		63232D782549C1B9007C5368 /* ViewController.swift */ = {isa = PBXFileReference; lastKnownFileType = sourcecode.swift; path = ViewController.swift; sourceTree = "<group>"; };
		63232D7B2549C1B9007C5368 /* Base */ = {isa = PBXFileReference; lastKnownFileType = file.storyboard; name = Base; path = Base.lproj/Main.storyboard; sourceTree = "<group>"; };
		63232D7E2549C1B9007C5368 /* GymLogger.xcdatamodel */ = {isa = PBXFileReference; lastKnownFileType = wrapper.xcdatamodel; path = GymLogger.xcdatamodel; sourceTree = "<group>"; };
		63232D802549C1BF007C5368 /* Assets.xcassets */ = {isa = PBXFileReference; lastKnownFileType = folder.assetcatalog; path = Assets.xcassets; sourceTree = "<group>"; };
		63232D832549C1BF007C5368 /* Base */ = {isa = PBXFileReference; lastKnownFileType = file.storyboard; name = Base; path = Base.lproj/LaunchScreen.storyboard; sourceTree = "<group>"; };
		63232D852549C1BF007C5368 /* Info.plist */ = {isa = PBXFileReference; lastKnownFileType = text.plist.xml; path = Info.plist; sourceTree = "<group>"; };
		63232D8C2549C24A007C5368 /* ItemsViewController.swift */ = {isa = PBXFileReference; lastKnownFileType = sourcecode.swift; path = ItemsViewController.swift; sourceTree = "<group>"; };
		63232D8F2549C356007C5368 /* Item.swift */ = {isa = PBXFileReference; lastKnownFileType = sourcecode.swift; path = Item.swift; sourceTree = "<group>"; };
		63232D922549C42B007C5368 /* ItemStore.swift */ = {isa = PBXFileReference; lastKnownFileType = sourcecode.swift; path = ItemStore.swift; sourceTree = "<group>"; };
		63D07DD1255D406A00D2A786 /* DetailViewController.swift */ = {isa = PBXFileReference; lastKnownFileType = sourcecode.swift; path = DetailViewController.swift; sourceTree = "<group>"; };
/* End PBXFileReference section */

/* Begin PBXFrameworksBuildPhase section */
		63232D6E2549C1B9007C5368 /* Frameworks */ = {
			isa = PBXFrameworksBuildPhase;
			buildActionMask = 2147483647;
			files = (
			);
			runOnlyForDeploymentPostprocessing = 0;
		};
/* End PBXFrameworksBuildPhase section */

/* Begin PBXGroup section */
		63232D682549C1B9007C5368 = {
			isa = PBXGroup;
			children = (
				63232D732549C1B9007C5368 /* GymLogger */,
				63232D722549C1B9007C5368 /* Products */,
			);
			sourceTree = "<group>";
		};
		63232D722549C1B9007C5368 /* Products */ = {
			isa = PBXGroup;
			children = (
				63232D712549C1B9007C5368 /* GymLogger.app */,
			);
			name = Products;
			sourceTree = "<group>";
		};
		63232D732549C1B9007C5368 /* GymLogger */ = {
			isa = PBXGroup;
			children = (
				63232D8C2549C24A007C5368 /* ItemsViewController.swift */,
				63232D742549C1B9007C5368 /* AppDelegate.swift */,
				63232D762549C1B9007C5368 /* SceneDelegate.swift */,
				63232D782549C1B9007C5368 /* ViewController.swift */,
				63232D7A2549C1B9007C5368 /* Main.storyboard */,
				63232D802549C1BF007C5368 /* Assets.xcassets */,
				63232D822549C1BF007C5368 /* LaunchScreen.storyboard */,
				63232D852549C1BF007C5368 /* Info.plist */,
				63232D7D2549C1B9007C5368 /* GymLogger.xcdatamodeld */,
				63232D8F2549C356007C5368 /* Item.swift */,
				63232D922549C42B007C5368 /* ItemStore.swift */,
				63101B1D25532CBE002CCEE0 /* ItemCell.swift */,
				63D07DD1255D406A00D2A786 /* DetailViewController.swift */,
			);
			path = GymLogger;
			sourceTree = "<group>";
		};
/* End PBXGroup section */

/* Begin PBXNativeTarget section */
		63232D702549C1B9007C5368 /* GymLogger */ = {
			isa = PBXNativeTarget;
			buildConfigurationList = 63232D882549C1BF007C5368 /* Build configuration list for PBXNativeTarget "GymLogger" */;
			buildPhases = (
				63232D6D2549C1B9007C5368 /* Sources */,
				63232D6E2549C1B9007C5368 /* Frameworks */,
				63232D6F2549C1B9007C5368 /* Resources */,
			);
			buildRules = (
			);
			dependencies = (
			);
			name = GymLogger;
			productName = GymLogger;
			productReference = 63232D712549C1B9007C5368 /* GymLogger.app */;
			productType = "com.apple.product-type.application";
		};
/* End PBXNativeTarget section */

/* Begin PBXProject section */
		63232D692549C1B9007C5368 /* Project object */ = {
			isa = PBXProject;
			attributes = {
				LastSwiftUpdateCheck = 1210;
				LastUpgradeCheck = 1210;
				TargetAttributes = {
					63232D702549C1B9007C5368 = {
						CreatedOnToolsVersion = 12.1;
					};
				};
			};
			buildConfigurationList = 63232D6C2549C1B9007C5368 /* Build configuration list for PBXProject "GymLogger" */;
			compatibilityVersion = "Xcode 9.3";
			developmentRegion = en;
			hasScannedForEncodings = 0;
			knownRegions = (
				en,
				Base,
			);
			mainGroup = 63232D682549C1B9007C5368;
			productRefGroup = 63232D722549C1B9007C5368 /* Products */;
			projectDirPath = "";
			projectRoot = "";
			targets = (
				63232D702549C1B9007C5368 /* GymLogger */,
			);
		};
/* End PBXProject section */

/* Begin PBXResourcesBuildPhase section */
		63232D6F2549C1B9007C5368 /* Resources */ = {
			isa = PBXResourcesBuildPhase;
			buildActionMask = 2147483647;
			files = (
				63232D842549C1BF007C5368 /* LaunchScreen.storyboard in Resources */,
				63232D812549C1BF007C5368 /* Assets.xcassets in Resources */,
				63232D7C2549C1B9007C5368 /* Main.storyboard in Resources */,
			);
			runOnlyForDeploymentPostprocessing = 0;
		};
/* End PBXResourcesBuildPhase section */

/* Begin PBXSourcesBuildPhase section */
		63232D6D2549C1B9007C5368 /* Sources */ = {
			isa = PBXSourcesBuildPhase;
			buildActionMask = 2147483647;
			files = (
				63D07DD2255D406A00D2A786 /* DetailViewController.swift in Sources */,
				63101B1E25532CBE002CCEE0 /* ItemCell.swift in Sources */,
				63232D8D2549C24A007C5368 /* ItemsViewController.swift in Sources */,
				63232D792549C1B9007C5368 /* ViewController.swift in Sources */,
				63232D752549C1B9007C5368 /* AppDelegate.swift in Sources */,
				63232D772549C1B9007C5368 /* SceneDelegate.swift in Sources */,
				63232D902549C356007C5368 /* Item.swift in Sources */,
				63232D932549C42B007C5368 /* ItemStore.swift in Sources */,
				63232D7F2549C1B9007C5368 /* GymLogger.xcdatamodeld in Sources */,
			);
			runOnlyForDeploymentPostprocessing = 0;
		};
/* End PBXSourcesBuildPhase section */

/* Begin PBXVariantGroup section */
		63232D7A2549C1B9007C5368 /* Main.storyboard */ = {
			isa = PBXVariantGroup;
			children = (
				63232D7B2549C1B9007C5368 /* Base */,
			);
			name = Main.storyboard;
			sourceTree = "<group>";
		};
		63232D822549C1BF007C5368 /* LaunchScreen.storyboard */ = {
			isa = PBXVariantGroup;
			children = (
				63232D832549C1BF007C5368 /* Base */,
			);
			name = LaunchScreen.storyboard;
			sourceTree = "<group>";
		};
/* End PBXVariantGroup section */

/* Begin XCBuildConfiguration section */
		63232D862549C1BF007C5368 /* Debug */ = {
			isa = XCBuildConfiguration;
			buildSettings = {
				ALWAYS_SEARCH_USER_PATHS = NO;
				CLANG_ANALYZER_NONNULL = YES;
				CLANG_ANALYZER_NUMBER_OBJECT_CONVERSION = YES_AGGRESSIVE;
				CLANG_CXX_LANGUAGE_STANDARD = "gnu++14";
				CLANG_CXX_LIBRARY = "libc++";
				CLANG_ENABLE_MODULES = YES;
				CLANG_ENABLE_OBJC_ARC = YES;
				CLANG_ENABLE_OBJC_WEAK = YES;
				CLANG_WARN_BLOCK_CAPTURE_AUTORELEASING = YES;
				CLANG_WARN_BOOL_CONVERSION = YES;
				CLANG_WARN_COMMA = YES;
				CLANG_WARN_CONSTANT_CONVERSION = YES;
				CLANG_WARN_DEPRECATED_OBJC_IMPLEMENTATIONS = YES;
				CLANG_WARN_DIRECT_OBJC_ISA_USAGE = YES_ERROR;
				CLANG_WARN_DOCUMENTATION_COMMENTS = YES;
				CLANG_WARN_EMPTY_BODY = YES;
				CLANG_WARN_ENUM_CONVERSION = YES;
				CLANG_WARN_INFINITE_RECURSION = YES;
				CLANG_WARN_INT_CONVERSION = YES;
				CLANG_WARN_NON_LITERAL_NULL_CONVERSION = YES;
				CLANG_WARN_OBJC_IMPLICIT_RETAIN_SELF = YES;
				CLANG_WARN_OBJC_LITERAL_CONVERSION = YES;
				CLANG_WARN_OBJC_ROOT_CLASS = YES_ERROR;
				CLANG_WARN_QUOTED_INCLUDE_IN_FRAMEWORK_HEADER = YES;
				CLANG_WARN_RANGE_LOOP_ANALYSIS = YES;
				CLANG_WARN_STRICT_PROTOTYPES = YES;
				CLANG_WARN_SUSPICIOUS_MOVE = YES;
				CLANG_WARN_UNGUARDED_AVAILABILITY = YES_AGGRESSIVE;
				CLANG_WARN_UNREACHABLE_CODE = YES;
				CLANG_WARN__DUPLICATE_METHOD_MATCH = YES;
				COPY_PHASE_STRIP = NO;
				DEBUG_INFORMATION_FORMAT = dwarf;
				ENABLE_STRICT_OBJC_MSGSEND = YES;
				ENABLE_TESTABILITY = YES;
				GCC_C_LANGUAGE_STANDARD = gnu11;
				GCC_DYNAMIC_NO_PIC = NO;
				GCC_NO_COMMON_BLOCKS = YES;
				GCC_OPTIMIZATION_LEVEL = 0;
				GCC_PREPROCESSOR_DEFINITIONS = (
					"DEBUG=1",
					"$(inherited)",
				);
				GCC_WARN_64_TO_32_BIT_CONVERSION = YES;
				GCC_WARN_ABOUT_RETURN_TYPE = YES_ERROR;
				GCC_WARN_UNDECLARED_SELECTOR = YES;
				GCC_WARN_UNINITIALIZED_AUTOS = YES_AGGRESSIVE;
				GCC_WARN_UNUSED_FUNCTION = YES;
				GCC_WARN_UNUSED_VARIABLE = YES;
				IPHONEOS_DEPLOYMENT_TARGET = 14.1;
				MTL_ENABLE_DEBUG_INFO = INCLUDE_SOURCE;
				MTL_FAST_MATH = YES;
				ONLY_ACTIVE_ARCH = YES;
				SDKROOT = iphoneos;
				SWIFT_ACTIVE_COMPILATION_CONDITIONS = DEBUG;
				SWIFT_OPTIMIZATION_LEVEL = "-Onone";
			};
			name = Debug;
		};
		63232D872549C1BF007C5368 /* Release */ = {
			isa = XCBuildConfiguration;
			buildSettings = {
				ALWAYS_SEARCH_USER_PATHS = NO;
				CLANG_ANALYZER_NONNULL = YES;
				CLANG_ANALYZER_NUMBER_OBJECT_CONVERSION = YES_AGGRESSIVE;
				CLANG_CXX_LANGUAGE_STANDARD = "gnu++14";
				CLANG_CXX_LIBRARY = "libc++";
				CLANG_ENABLE_MODULES = YES;
				CLANG_ENABLE_OBJC_ARC = YES;
				CLANG_ENABLE_OBJC_WEAK = YES;
				CLANG_WARN_BLOCK_CAPTURE_AUTORELEASING = YES;
				CLANG_WARN_BOOL_CONVERSION = YES;
				CLANG_WARN_COMMA = YES;
				CLANG_WARN_CONSTANT_CONVERSION = YES;
				CLANG_WARN_DEPRECATED_OBJC_IMPLEMENTATIONS = YES;
				CLANG_WARN_DIRECT_OBJC_ISA_USAGE = YES_ERROR;
				CLANG_WARN_DOCUMENTATION_COMMENTS = YES;
				CLANG_WARN_EMPTY_BODY = YES;
				CLANG_WARN_ENUM_CONVERSION = YES;
				CLANG_WARN_INFINITE_RECURSION = YES;
				CLANG_WARN_INT_CONVERSION = YES;
				CLANG_WARN_NON_LITERAL_NULL_CONVERSION = YES;
				CLANG_WARN_OBJC_IMPLICIT_RETAIN_SELF = YES;
				CLANG_WARN_OBJC_LITERAL_CONVERSION = YES;
				CLANG_WARN_OBJC_ROOT_CLASS = YES_ERROR;
				CLANG_WARN_QUOTED_INCLUDE_IN_FRAMEWORK_HEADER = YES;
				CLANG_WARN_RANGE_LOOP_ANALYSIS = YES;
				CLANG_WARN_STRICT_PROTOTYPES = YES;
				CLANG_WARN_SUSPICIOUS_MOVE = YES;
				CLANG_WARN_UNGUARDED_AVAILABILITY = YES_AGGRESSIVE;
				CLANG_WARN_UNREACHABLE_CODE = YES;
				CLANG_WARN__DUPLICATE_METHOD_MATCH = YES;
				COPY_PHASE_STRIP = NO;
				DEBUG_INFORMATION_FORMAT = "dwarf-with-dsym";
				ENABLE_NS_ASSERTIONS = NO;
				ENABLE_STRICT_OBJC_MSGSEND = YES;
				GCC_C_LANGUAGE_STANDARD = gnu11;
				GCC_NO_COMMON_BLOCKS = YES;
				GCC_WARN_64_TO_32_BIT_CONVERSION = YES;
				GCC_WARN_ABOUT_RETURN_TYPE = YES_ERROR;
				GCC_WARN_UNDECLARED_SELECTOR = YES;
				GCC_WARN_UNINITIALIZED_AUTOS = YES_AGGRESSIVE;
				GCC_WARN_UNUSED_FUNCTION = YES;
				GCC_WARN_UNUSED_VARIABLE = YES;
				IPHONEOS_DEPLOYMENT_TARGET = 14.1;
				MTL_ENABLE_DEBUG_INFO = NO;
				MTL_FAST_MATH = YES;
				SDKROOT = iphoneos;
				SWIFT_COMPILATION_MODE = wholemodule;
				SWIFT_OPTIMIZATION_LEVEL = "-O";
				VALIDATE_PRODUCT = YES;
			};
			name = Release;
		};
		63232D892549C1BF007C5368 /* Debug */ = {
			isa = XCBuildConfiguration;
			buildSettings = {
				ASSETCATALOG_COMPILER_APPICON_NAME = AppIcon;
				ASSETCATALOG_COMPILER_GLOBAL_ACCENT_COLOR_NAME = AccentColor;
				CODE_SIGN_STYLE = Automatic;
				INFOPLIST_FILE = GymLogger/Info.plist;
				LD_RUNPATH_SEARCH_PATHS = (
					"$(inherited)",
					"@executable_path/Frameworks",
				);
				PRODUCT_BUNDLE_IDENTIFIER = Prasidha.Tech.GymLogger;
				PRODUCT_NAME = "$(TARGET_NAME)";
				SWIFT_VERSION = 5.0;
				TARGETED_DEVICE_FAMILY = "1,2";
			};
			name = Debug;
		};
		63232D8A2549C1BF007C5368 /* Release */ = {
			isa = XCBuildConfiguration;
			buildSettings = {
				ASSETCATALOG_COMPILER_APPICON_NAME = AppIcon;
				ASSETCATALOG_COMPILER_GLOBAL_ACCENT_COLOR_NAME = AccentColor;
				CODE_SIGN_STYLE = Automatic;
				INFOPLIST_FILE = GymLogger/Info.plist;
				LD_RUNPATH_SEARCH_PATHS = (
					"$(inherited)",
					"@executable_path/Frameworks",
				);
				PRODUCT_BUNDLE_IDENTIFIER = Prasidha.Tech.GymLogger;
				PRODUCT_NAME = "$(TARGET_NAME)";
				SWIFT_VERSION = 5.0;
				TARGETED_DEVICE_FAMILY = "1,2";
			};
			name = Release;
		};
/* End XCBuildConfiguration section */

/* Begin XCConfigurationList section */
		63232D6C2549C1B9007C5368 /* Build configuration list for PBXProject "GymLogger" */ = {
			isa = XCConfigurationList;
			buildConfigurations = (
				63232D862549C1BF007C5368 /* Debug */,
				63232D872549C1BF007C5368 /* Release */,
			);
			defaultConfigurationIsVisible = 0;
			defaultConfigurationName = Release;
		};
		63232D882549C1BF007C5368 /* Build configuration list for PBXNativeTarget "GymLogger" */ = {
			isa = XCConfigurationList;
			buildConfigurations = (
				63232D892549C1BF007C5368 /* Debug */,
				63232D8A2549C1BF007C5368 /* Release */,
			);
			defaultConfigurationIsVisible = 0;
			defaultConfigurationName = Release;
		};
/* End XCConfigurationList section */

/* Begin XCVersionGroup section */
		63232D7D2549C1B9007C5368 /* GymLogger.xcdatamodeld */ = {
			isa = XCVersionGroup;
			children = (
				63232D7E2549C1B9007C5368 /* GymLogger.xcdatamodel */,
			);
			currentVersion = 63232D7E2549C1B9007C5368 /* GymLogger.xcdatamodel */;
			path = GymLogger.xcdatamodeld;
			sourceTree = "<group>";
			versionGroupType = wrapper.xcdatamodel;
		};
/* End XCVersionGroup section */
	};
	rootObject = 63232D692549C1B9007C5368 /* Project object */;
}
